{
  "version": "4",
  "specifiers": {
    "npm:@swc/cli@*": "0.6.0_@swc+core@1.10.15",
    "npm:@swc/cli@0.6.0": "0.6.0_@swc+core@1.10.15"
  },
  "npm": {
    "@napi-rs/nice-android-arm-eabi@1.0.1": {
      "integrity": "sha512-5qpvOu5IGwDo7MEKVqqyAxF90I6aLj4n07OzpARdgDRfz8UbBztTByBp0RC59r3J1Ij8uzYi6jI7r5Lws7nn6w=="
    },
    "@napi-rs/nice-android-arm64@1.0.1": {
      "integrity": "sha512-GqvXL0P8fZ+mQqG1g0o4AO9hJjQaeYG84FRfZaYjyJtZZZcMjXW5TwkL8Y8UApheJgyE13TQ4YNUssQaTgTyvA=="
    },
    "@napi-rs/nice-darwin-arm64@1.0.1": {
      "integrity": "sha512-91k3HEqUl2fsrz/sKkuEkscj6EAj3/eZNCLqzD2AA0TtVbkQi8nqxZCZDMkfklULmxLkMxuUdKe7RvG/T6s2AA=="
    },
    "@napi-rs/nice-darwin-x64@1.0.1": {
      "integrity": "sha512-jXnMleYSIR/+TAN/p5u+NkCA7yidgswx5ftqzXdD5wgy/hNR92oerTXHc0jrlBisbd7DpzoaGY4cFD7Sm5GlgQ=="
    },
    "@napi-rs/nice-freebsd-x64@1.0.1": {
      "integrity": "sha512-j+iJ/ezONXRQsVIB/FJfwjeQXX7A2tf3gEXs4WUGFrJjpe/z2KB7sOv6zpkm08PofF36C9S7wTNuzHZ/Iiccfw=="
    },
    "@napi-rs/nice-linux-arm-gnueabihf@1.0.1": {
      "integrity": "sha512-G8RgJ8FYXYkkSGQwywAUh84m946UTn6l03/vmEXBYNJxQJcD+I3B3k5jmjFG/OPiU8DfvxutOP8bi+F89MCV7Q=="
    },
    "@napi-rs/nice-linux-arm64-gnu@1.0.1": {
      "integrity": "sha512-IMDak59/W5JSab1oZvmNbrms3mHqcreaCeClUjwlwDr0m3BoR09ZiN8cKFBzuSlXgRdZ4PNqCYNeGQv7YMTjuA=="
    },
    "@napi-rs/nice-linux-arm64-musl@1.0.1": {
      "integrity": "sha512-wG8fa2VKuWM4CfjOjjRX9YLIbysSVV1S3Kgm2Fnc67ap/soHBeYZa6AGMeR5BJAylYRjnoVOzV19Cmkco3QEPw=="
    },
    "@napi-rs/nice-linux-ppc64-gnu@1.0.1": {
      "integrity": "sha512-lxQ9WrBf0IlNTCA9oS2jg/iAjQyTI6JHzABV664LLrLA/SIdD+I1i3Mjf7TsnoUbgopBcCuDztVLfJ0q9ubf6Q=="
    },
    "@napi-rs/nice-linux-riscv64-gnu@1.0.1": {
      "integrity": "sha512-3xs69dO8WSWBb13KBVex+yvxmUeEsdWexxibqskzoKaWx9AIqkMbWmE2npkazJoopPKX2ULKd8Fm9veEn0g4Ig=="
    },
    "@napi-rs/nice-linux-s390x-gnu@1.0.1": {
      "integrity": "sha512-lMFI3i9rlW7hgToyAzTaEybQYGbQHDrpRkg+1gJWEpH0PLAQoZ8jiY0IzakLfNWnVda1eTYYlxxFYzW8Rqczkg=="
    },
    "@napi-rs/nice-linux-x64-gnu@1.0.1": {
      "integrity": "sha512-XQAJs7DRN2GpLN6Fb+ZdGFeYZDdGl2Fn3TmFlqEL5JorgWKrQGRUrpGKbgZ25UeZPILuTKJ+OowG2avN8mThBA=="
    },
    "@napi-rs/nice-linux-x64-musl@1.0.1": {
      "integrity": "sha512-/rodHpRSgiI9o1faq9SZOp/o2QkKQg7T+DK0R5AkbnI/YxvAIEHf2cngjYzLMQSQgUhxym+LFr+UGZx4vK4QdQ=="
    },
    "@napi-rs/nice-win32-arm64-msvc@1.0.1": {
      "integrity": "sha512-rEcz9vZymaCB3OqEXoHnp9YViLct8ugF+6uO5McifTedjq4QMQs3DHz35xBEGhH3gJWEsXMUbzazkz5KNM5YUg=="
    },
    "@napi-rs/nice-win32-ia32-msvc@1.0.1": {
      "integrity": "sha512-t7eBAyPUrWL8su3gDxw9xxxqNwZzAqKo0Szv3IjVQd1GpXXVkb6vBBQUuxfIYaXMzZLwlxRQ7uzM2vdUE9ULGw=="
    },
    "@napi-rs/nice-win32-x64-msvc@1.0.1": {
      "integrity": "sha512-JlF+uDcatt3St2ntBG8H02F1mM45i5SF9W+bIKiReVE6wiy3o16oBP/yxt+RZ+N6LbCImJXJ6bXNO2kn9AXicg=="
    },
    "@napi-rs/nice@1.0.1": {
      "integrity": "sha512-zM0mVWSXE0a0h9aKACLwKmD6nHcRiKrPpCfvaKqG1CqDEyjEawId0ocXxVzPMCAm6kkWr2P025msfxXEnt8UGQ==",
      "dependencies": [
        "@napi-rs/nice-android-arm-eabi",
        "@napi-rs/nice-android-arm64",
        "@napi-rs/nice-darwin-arm64",
        "@napi-rs/nice-darwin-x64",
        "@napi-rs/nice-freebsd-x64",
        "@napi-rs/nice-linux-arm-gnueabihf",
        "@napi-rs/nice-linux-arm64-gnu",
        "@napi-rs/nice-linux-arm64-musl",
        "@napi-rs/nice-linux-ppc64-gnu",
        "@napi-rs/nice-linux-riscv64-gnu",
        "@napi-rs/nice-linux-s390x-gnu",
        "@napi-rs/nice-linux-x64-gnu",
        "@napi-rs/nice-linux-x64-musl",
        "@napi-rs/nice-win32-arm64-msvc",
        "@napi-rs/nice-win32-ia32-msvc",
        "@napi-rs/nice-win32-x64-msvc"
      ]
    },
    "@nodelib/fs.scandir@2.1.5": {
      "integrity": "sha512-vq24Bq3ym5HEQm2NKCr3yXDwjc7vTsEThRDnkp2DK9p1uqLR+DHurm/NOTo0KG7HYHU7eppKZj3MyqYuMBf62g==",
      "dependencies": [
        "@nodelib/fs.stat",
        "run-parallel"
      ]
    },
    "@nodelib/fs.stat@2.0.5": {
      "integrity": "sha512-RkhPPp2zrqDAQA/2jNhnztcPAlv64XdhIp7a7454A5ovI7Bukxgt7MX7udwAu3zg1DcpPU0rz3VV1SeaqvY4+A=="
    },
    "@nodelib/fs.walk@1.2.8": {
      "integrity": "sha512-oGB+UxlgWcgQkgwo8GcEGwemoTFt3FIO9ababBmaGwXIoBKZ+GTy0pP185beGg7Llih/NSHSV2XAs1lnznocSg==",
      "dependencies": [
        "@nodelib/fs.scandir",
        "fastq"
      ]
    },
    "@sec-ant/readable-stream@0.4.1": {
      "integrity": "sha512-831qok9r2t8AlxLko40y2ebgSDhenenCatLVeW/uBtnHPyhHOvG0C7TvfgecV+wHzIm5KUICgzmVpWS+IMEAeg=="
    },
    "@sindresorhus/is@5.6.0": {
      "integrity": "sha512-TV7t8GKYaJWsn00tFDqBw8+Uqmr8A0fRU1tvTQhyZzGv0sJCGRQL3JGMI3ucuKo3XIZdUP+Lx7/gh2t3lewy7g=="
    },
    "@swc/cli@0.6.0_@swc+core@1.10.15": {
      "integrity": "sha512-Q5FsI3Cw0fGMXhmsg7c08i4EmXCrcl+WnAxb6LYOLHw4JFFC3yzmx9LaXZ7QMbA+JZXbigU2TirI7RAfO0Qlnw==",
      "dependencies": [
        "@swc/core",
        "@swc/counter",
        "@xhmikosr/bin-wrapper",
        "commander@8.3.0",
        "fast-glob",
        "minimatch",
        "piscina",
        "semver",
        "slash",
        "source-map"
      ]
    },
    "@swc/core-darwin-arm64@1.10.15": {
      "integrity": "sha512-zFdZ6/yHqMCPk7OhLFqHy/MQ1EqJhcZMpNHd1gXYT7VRU3FaqvvKETrUlG3VYl65McPC7AhMRfXPyJ0JO/jARQ=="
    },
    "@swc/core-darwin-x64@1.10.15": {
      "integrity": "sha512-8g4yiQwbr8fxOOjKXdot0dEkE5zgE8uNZudLy/ZyAhiwiZ8pbJ8/wVrDOu6dqbX7FBXAoDnvZ7fwN1jk4C8jdA=="
    },
    "@swc/core-linux-arm-gnueabihf@1.10.15": {
      "integrity": "sha512-rl+eVOltl2+7WXOnvmWBpMgh6aO13G5x0U0g8hjwlmD6ku3Y9iRcThpOhm7IytMEarUp5pQxItNoPq+VUGjVHg=="
    },
    "@swc/core-linux-arm64-gnu@1.10.15": {
      "integrity": "sha512-qxWEQeyAJMWJqjaN4hi58WMpPdt3Tn0biSK9CYRegQtvZWCbewr6v2agtSu5AZ2rudeH6OfCWAMDQQeSgn6PJQ=="
    },
    "@swc/core-linux-arm64-musl@1.10.15": {
      "integrity": "sha512-QcELd9/+HjZx0WCxRrKcyKGWTiQ0485kFb5w8waxcSNd0d9Lgk4EFfWWVyvIb5gIHpDQmhrgzI/yRaWQX4YSZQ=="
    },
    "@swc/core-linux-x64-gnu@1.10.15": {
      "integrity": "sha512-S1+ZEEn3+a/MiMeQqQypbwTGoBG8/sPoCvpNbk+uValyygT+jSn3U0xVr45FbukpmMB+NhBMqfedMLqKA0QnJA=="
    },
    "@swc/core-linux-x64-musl@1.10.15": {
      "integrity": "sha512-qW+H9g/2zTJ4jP7NDw4VAALY0ZlNEKzYsEoSj/HKi7k3tYEHjMzsxjfsY9I8WZCft23bBdV3RTCPoxCshaj1CQ=="
    },
    "@swc/core-win32-arm64-msvc@1.10.15": {
      "integrity": "sha512-AhRB11aA6LxjIqut+mg7qsu/7soQDmbK6MKR9nP3hgBszpqtXbRba58lr24xIbBCMr+dpo6kgEapWt+t5Po6Zg=="
    },
    "@swc/core-win32-ia32-msvc@1.10.15": {
      "integrity": "sha512-UGdh430TQwbDn6KjgvRTg1fO022sbQ4yCCHUev0+5B8uoBwi9a89qAz3emy2m56C8TXxUoihW9Y9OMfaRwPXUw=="
    },
    "@swc/core-win32-x64-msvc@1.10.15": {
      "integrity": "sha512-XJzBCqO1m929qbJsOG7FZXQWX26TnEoMctS3QjuCoyBmkHxxQmZsy78KjMes1aomTcKHCyFYgrRGWgVmk7tT4Q=="
    },
    "@swc/core@1.10.15": {
      "integrity": "sha512-/iFeQuNaGdK7mfJbQcObhAhsMqLT7qgMYl7jX2GEIO+VDTejESpzAyKwaMeYXExN8D6e5BRHBCe7M5YlsuzjDA==",
      "dependencies": [
        "@swc/core-darwin-arm64",
        "@swc/core-darwin-x64",
        "@swc/core-linux-arm-gnueabihf",
        "@swc/core-linux-arm64-gnu",
        "@swc/core-linux-arm64-musl",
        "@swc/core-linux-x64-gnu",
        "@swc/core-linux-x64-musl",
        "@swc/core-win32-arm64-msvc",
        "@swc/core-win32-ia32-msvc",
        "@swc/core-win32-x64-msvc",
        "@swc/counter",
        "@swc/types"
      ]
    },
    "@swc/counter@0.1.3": {
      "integrity": "sha512-e2BR4lsJkkRlKZ/qCHPw9ZaSxc0MVUd7gtbtaB7aMvHeJVYe8sOB8DBZkP2DtISHGSku9sCK6T6cnY0CtXrOCQ=="
    },
    "@swc/types@0.1.17": {
      "integrity": "sha512-V5gRru+aD8YVyCOMAjMpWR1Ui577DD5KSJsHP8RAxopAH22jFz6GZd/qxqjO6MJHQhcsjvjOFXyDhyLQUnMveQ==",
      "dependencies": [
        "@swc/counter"
      ]
    },
    "@szmarczak/http-timer@5.0.1": {
      "integrity": "sha512-+PmQX0PiAYPMeVYe237LJAYvOMYW1j2rH5YROyS3b4CTVJum34HfRvKvAzozHAQG0TnHNdUfY9nCeUyRAs//cw==",
      "dependencies": [
        "defer-to-connect"
      ]
    },
    "@tokenizer/token@0.3.0": {
      "integrity": "sha512-OvjF+z51L3ov0OyAU0duzsYuvO01PH7x4t6DJx+guahgTnBHkhJdG7soQeTSFLWN3efnHyibZ4Z8l2EuWwJN3A=="
    },
    "@types/http-cache-semantics@4.0.4": {
      "integrity": "sha512-1m0bIFVc7eJWyve9S0RnuRgcQqF/Xd5QsUZAZeQFr1Q3/p9JWoQQEqmVy+DPTNpGXwhgIetAoYF8JSc33q29QA=="
    },
    "@xhmikosr/archive-type@7.0.0": {
      "integrity": "sha512-sIm84ZneCOJuiy3PpWR5bxkx3HaNt1pqaN+vncUBZIlPZCq8ASZH+hBVdu5H8znR7qYC6sKwx+ie2Q7qztJTxA==",
      "dependencies": [
        "file-type"
      ]
    },
    "@xhmikosr/bin-check@7.0.3": {
      "integrity": "sha512-4UnCLCs8DB+itHJVkqFp9Zjg+w/205/J2j2wNBsCEAm/BuBmtua2hhUOdAMQE47b1c7P9Xmddj0p+X1XVsfHsA==",
      "dependencies": [
        "execa",
        "isexe"
      ]
    },
    "@xhmikosr/bin-wrapper@13.0.5": {
      "integrity": "sha512-DT2SAuHDeOw0G5bs7wZbQTbf4hd8pJ14tO0i4cWhRkIJfgRdKmMfkDilpaJ8uZyPA0NVRwasCNAmMJcWA67osw==",
      "dependencies": [
        "@xhmikosr/bin-check",
        "@xhmikosr/downloader",
        "@xhmikosr/os-filter-obj",
        "bin-version-check"
      ]
    },
    "@xhmikosr/decompress-tar@8.0.1": {
      "integrity": "sha512-dpEgs0cQKJ2xpIaGSO0hrzz3Kt8TQHYdizHsgDtLorWajuHJqxzot9Hbi0huRxJuAGG2qiHSQkwyvHHQtlE+fg==",
      "dependencies": [
        "file-type",
        "is-stream@2.0.1",
        "tar-stream"
      ]
    },
    "@xhmikosr/decompress-tarbz2@8.0.2": {
      "integrity": "sha512-p5A2r/AVynTQSsF34Pig6olt9CvRj6J5ikIhzUd3b57pUXyFDGtmBstcw+xXza0QFUh93zJsmY3zGeNDlR2AQQ==",
      "dependencies": [
        "@xhmikosr/decompress-tar",
        "file-type",
        "is-stream@2.0.1",
        "seek-bzip",
        "unbzip2-stream"
      ]
    },
    "@xhmikosr/decompress-targz@8.0.1": {
      "integrity": "sha512-mvy5AIDIZjQ2IagMI/wvauEiSNHhu/g65qpdM4EVoYHUJBAmkQWqcPJa8Xzi1aKVTmOA5xLJeDk7dqSjlHq8Mg==",
      "dependencies": [
        "@xhmikosr/decompress-tar",
        "file-type",
        "is-stream@2.0.1"
      ]
    },
    "@xhmikosr/decompress-unzip@7.0.0": {
      "integrity": "sha512-GQMpzIpWTsNr6UZbISawsGI0hJ4KA/mz5nFq+cEoPs12UybAqZWKbyIaZZyLbJebKl5FkLpsGBkrplJdjvUoSQ==",
      "dependencies": [
        "file-type",
        "get-stream@6.0.1",
        "yauzl"
      ]
    },
    "@xhmikosr/decompress@10.0.1": {
      "integrity": "sha512-6uHnEEt5jv9ro0CDzqWlFgPycdE+H+kbJnwyxgZregIMLQ7unQSCNVsYG255FoqU8cP46DyggI7F7LohzEl8Ag==",
      "dependencies": [
        "@xhmikosr/decompress-tar",
        "@xhmikosr/decompress-tarbz2",
        "@xhmikosr/decompress-targz",
        "@xhmikosr/decompress-unzip",
        "graceful-fs",
        "make-dir",
        "strip-dirs"
      ]
    },
    "@xhmikosr/downloader@15.0.1": {
      "integrity": "sha512-fiuFHf3Dt6pkX8HQrVBsK0uXtkgkVlhrZEh8b7VgoDqFf+zrgFBPyrwCqE/3nDwn3hLeNz+BsrS7q3mu13Lp1g==",
      "dependencies": [
        "@xhmikosr/archive-type",
        "@xhmikosr/decompress",
        "content-disposition",
        "defaults",
        "ext-name",
        "file-type",
        "filenamify",
        "get-stream@6.0.1",
        "got"
      ]
    },
    "@xhmikosr/os-filter-obj@3.0.0": {
      "integrity": "sha512-siPY6BD5dQ2SZPl3I0OZBHL27ZqZvLEosObsZRQ1NUB8qcxegwt0T9eKtV96JMFQpIz1elhkzqOg4c/Ri6Dp9A==",
      "dependencies": [
        "arch"
      ]
    },
    "arch@3.0.0": {
      "integrity": "sha512-AmIAC+Wtm2AU8lGfTtHsw0Y9Qtftx2YXEEtiBP10xFUtMOA+sHHx6OAddyL52mUKh1vsXQ6/w1mVDptZCyUt4Q=="
    },
    "b4a@1.6.7": {
      "integrity": "sha512-OnAYlL5b7LEkALw87fUVafQw5rVR9RjwGd4KUwNQ6DrrNmaVaUCgLipfVlzrPQ4tWOR9P0IXGNOx50jYCCdSJg=="
    },
    "balanced-match@1.0.2": {
      "integrity": "sha512-3oSeUO0TMV67hN1AmbXsK4yaqU7tjiHlbxRDZOpH0KW9+CeX4bRAaX0Anxt0tx2MrpRpWwQaPwIlISEJhYU5Pw=="
    },
    "bare-events@2.5.4": {
      "integrity": "sha512-+gFfDkR8pj4/TrWCGUGWmJIkBwuxPS5F+a5yWjOHQt2hHvNZd5YLzadjmDUtFmMM4y429bnKLa8bYBMHcYdnQA=="
    },
    "base64-js@1.5.1": {
      "integrity": "sha512-AKpaYlHn8t4SVbOHCy+b5+KKgvR4vrsD8vbvrbiQJps7fKDTkjkDry6ji0rUJjC0kzbNePLwzxq8iypo41qeWA=="
    },
    "bin-version-check@5.1.0": {
      "integrity": "sha512-bYsvMqJ8yNGILLz1KP9zKLzQ6YpljV3ln1gqhuLkUtyfGi3qXKGuK2p+U4NAvjVFzDFiBBtOpCOSFNuYYEGZ5g==",
      "dependencies": [
        "bin-version",
        "semver",
        "semver-truncate"
      ]
    },
    "bin-version@6.0.0": {
      "integrity": "sha512-nk5wEsP4RiKjG+vF+uG8lFsEn4d7Y6FVDamzzftSunXOoOcOOkzcWdKVlGgFFwlUQCj63SgnUkLLGF8v7lufhw==",
      "dependencies": [
        "execa",
        "find-versions"
      ]
    },
    "brace-expansion@2.0.1": {
      "integrity": "sha512-XnAIvQ8eM+kC6aULx6wuQiwVsnzsi9d3WxzV3FpWTGA19F621kwdbsAcFKXgKUHZWsy+mY6iL1sHTxWEFCytDA==",
      "dependencies": [
        "balanced-match"
      ]
    },
    "braces@3.0.3": {
      "integrity": "sha512-yQbXgO/OSZVD2IsiLlro+7Hf6Q18EJrKSEsdoMzKePKXct3gvD8oLcOQdIzGupr5Fj+EDe8gO/lxc1BzfMpxvA==",
      "dependencies": [
        "fill-range"
      ]
    },
    "buffer-crc32@0.2.13": {
      "integrity": "sha512-VO9Ht/+p3SN7SKWqcrgEzjGbRSJYTx+Q1pTQC0wrWqHx0vpJraQ6GtHx8tvcg1rlK1byhU5gccxgOgj7B0TDkQ=="
    },
    "buffer@5.7.1": {
      "integrity": "sha512-EHcyIPBQ4BSGlvjB16k5KgAJ27CIsHY/2JBmCRReo48y9rQ3MaUzWX3KVlBa4U7MyX02HdVj0K7C3WaB3ju7FQ==",
      "dependencies": [
        "base64-js",
        "ieee754"
      ]
    },
    "cacheable-lookup@7.0.0": {
      "integrity": "sha512-+qJyx4xiKra8mZrcwhjMRMUhD5NR1R8esPkzIYxX96JiecFoxAXFuz/GpR3+ev4PE1WamHip78wV0vcmPQtp8w=="
    },
    "cacheable-request@10.2.14": {
      "integrity": "sha512-zkDT5WAF4hSSoUgyfg5tFIxz8XQK+25W/TLVojJTMKBaxevLBBtLxgqguAuVQB8PVW79FVjHcU+GJ9tVbDZ9mQ==",
      "dependencies": [
        "@types/http-cache-semantics",
        "get-stream@6.0.1",
        "http-cache-semantics",
        "keyv",
        "mimic-response@4.0.0",
        "normalize-url",
        "responselike"
      ]
    },
    "commander@6.2.1": {
      "integrity": "sha512-U7VdrJFnJgo4xjrHpTzu0yrHPGImdsmD95ZlgYSEajAn2JKzDhDTPG9kBTefmObL2w/ngeZnilk+OV9CG3d7UA=="
    },
    "commander@8.3.0": {
      "integrity": "sha512-OkTL9umf+He2DZkUq8f8J9of7yL6RJKI24dVITBmNfZBmri9zYZQrKkuXiKhyfPSu8tUhnVBB1iKXevvnlR4Ww=="
    },
    "content-disposition@0.5.4": {
      "integrity": "sha512-FveZTNuGw04cxlAiWbzi6zTAL/lhehaWbTtgluJh4/E95DqMwTmha3KZN1aAWA8cFIhHzMZUvLevkw5Rqk+tSQ==",
      "dependencies": [
        "safe-buffer"
      ]
    },
    "cross-spawn@7.0.6": {
      "integrity": "sha512-uV2QOWP2nWzsy2aMp8aRibhi9dlzF5Hgh5SHaB9OiTGEyDTiJJyx0uy51QXdyWbtAHNua4XJzUKca3OzKUd3vA==",
      "dependencies": [
        "path-key",
        "shebang-command",
        "which"
      ]
    },
    "decompress-response@6.0.0": {
      "integrity": "sha512-aW35yZM6Bb/4oJlZncMH2LCoZtJXTRxES17vE3hoRiowU2kWHaJKFkSBDnDR+cm9J+9QhXmREyIfv0pji9ejCQ==",
      "dependencies": [
        "mimic-response@3.1.0"
      ]
    },
    "defaults@3.0.0": {
      "integrity": "sha512-RsqXDEAALjfRTro+IFNKpcPCt0/Cy2FqHSIlnomiJp9YGadpQnrtbRpSgN2+np21qHcIKiva4fiOQGjS9/qR/A=="
    },
    "defer-to-connect@2.0.1": {
      "integrity": "sha512-4tvttepXG1VaYGrRibk5EwJd1t4udunSOVMdLSAL6mId1ix438oPwPZMALY41FCijukO1L0twNcGsdzS7dHgDg=="
    },
    "execa@5.1.1": {
      "integrity": "sha512-8uSpZZocAZRBAPIEINJj3Lo9HyGitllczc27Eh5YYojjMFMn8yHMDMaUHE2Jqfq05D/wucwI4JGURyXt1vchyg==",
      "dependencies": [
        "cross-spawn",
        "get-stream@6.0.1",
        "human-signals",
        "is-stream@2.0.1",
        "merge-stream",
        "npm-run-path",
        "onetime",
        "signal-exit",
        "strip-final-newline"
      ]
    },
    "ext-list@2.2.2": {
      "integrity": "sha512-u+SQgsubraE6zItfVA0tBuCBhfU9ogSRnsvygI7wht9TS510oLkBRXBsqopeUG/GBOIQyKZO9wjTqIu/sf5zFA==",
      "dependencies": [
        "mime-db"
      ]
    },
    "ext-name@5.0.0": {
      "integrity": "sha512-yblEwXAbGv1VQDmow7s38W77hzAgJAO50ztBLMcUyUBfxv1HC+LGwtiEN+Co6LtlqT/5uwVOxsD4TNIilWhwdQ==",
      "dependencies": [
        "ext-list",
        "sort-keys-length"
      ]
    },
    "fast-fifo@1.3.2": {
      "integrity": "sha512-/d9sfos4yxzpwkDkuN7k2SqFKtYNmCTzgfEpz82x34IM9/zc8KGxQoXg1liNC/izpRM/MBdt44Nmx41ZWqk+FQ=="
    },
    "fast-glob@3.3.3": {
      "integrity": "sha512-7MptL8U0cqcFdzIzwOTHoilX9x5BrNqye7Z/LuC7kCMRio1EMSyqRK3BEAUD7sXRq4iT4AzTVuZdhgQ2TCvYLg==",
      "dependencies": [
        "@nodelib/fs.stat",
        "@nodelib/fs.walk",
        "glob-parent",
        "merge2",
        "micromatch"
      ]
    },
    "fastq@1.19.0": {
      "integrity": "sha512-7SFSRCNjBQIZH/xZR3iy5iQYR8aGBE0h3VG6/cwlbrpdciNYBMotQav8c1XI3HjHH+NikUpP53nPdlZSdWmFzA==",
      "dependencies": [
        "reusify"
      ]
    },
    "file-type@19.6.0": {
      "integrity": "sha512-VZR5I7k5wkD0HgFnMsq5hOsSc710MJMu5Nc5QYsbe38NN5iPV/XTObYLc/cpttRTf6lX538+5uO1ZQRhYibiZQ==",
      "dependencies": [
        "get-stream@9.0.1",
        "strtok3",
        "token-types",
        "uint8array-extras"
      ]
    },
    "filename-reserved-regex@3.0.0": {
      "integrity": "sha512-hn4cQfU6GOT/7cFHXBqeBg2TbrMBgdD0kcjLhvSQYYwm3s4B6cjvBfb7nBALJLAXqmU5xajSa7X2NnUud/VCdw=="
    },
    "filenamify@6.0.0": {
      "integrity": "sha512-vqIlNogKeyD3yzrm0yhRMQg8hOVwYcYRfjEoODd49iCprMn4HL85gK3HcykQE53EPIpX3HcAbGA5ELQv216dAQ==",
      "dependencies": [
        "filename-reserved-regex"
      ]
    },
    "fill-range@7.1.1": {
      "integrity": "sha512-YsGpe3WHLK8ZYi4tWDg2Jy3ebRz2rXowDxnld4bkQB00cc/1Zw9AWnC0i9ztDJitivtQvaI9KaLyKrc+hBW0yg==",
      "dependencies": [
        "to-regex-range"
      ]
    },
    "find-versions@5.1.0": {
      "integrity": "sha512-+iwzCJ7C5v5KgcBuueqVoNiHVoQpwiUK5XFLjf0affFTep+Wcw93tPvmb8tqujDNmzhBDPddnWV/qgWSXgq+Hg==",
      "dependencies": [
        "semver-regex"
      ]
    },
    "form-data-encoder@2.1.4": {
      "integrity": "sha512-yDYSgNMraqvnxiEXO4hi88+YZxaHC6QKzb5N84iRCTDeRO7ZALpir/lVmf/uXUhnwUr2O4HU8s/n6x+yNjQkHw=="
    },
    "get-stream@6.0.1": {
      "integrity": "sha512-ts6Wi+2j3jQjqi70w5AlN8DFnkSwC+MqmxEzdEALB2qXZYV3X/b1CTfgPLGJNMeAWxdPfU8FO1ms3NUfaHCPYg=="
    },
    "get-stream@9.0.1": {
      "integrity": "sha512-kVCxPF3vQM/N0B1PmoqVUqgHP+EeVjmZSQn+1oCRPxd2P21P2F19lIgbR3HBosbB1PUhOAoctJnfEn2GbN2eZA==",
      "dependencies": [
        "@sec-ant/readable-stream",
        "is-stream@4.0.1"
      ]
    },
    "glob-parent@5.1.2": {
      "integrity": "sha512-AOIgSQCepiJYwP3ARnGx+5VnTu2HBYdzbGP45eLw1vr3zB3vZLeyed1sC9hnbcOc9/SrMyM5RPQrkGz4aS9Zow==",
      "dependencies": [
        "is-glob"
      ]
    },
    "got@13.0.0": {
      "integrity": "sha512-XfBk1CxOOScDcMr9O1yKkNaQyy865NbYs+F7dr4H0LZMVgCj2Le59k6PqbNHoL5ToeaEQUYh6c6yMfVcc6SJxA==",
      "dependencies": [
        "@sindresorhus/is",
        "@szmarczak/http-timer",
        "cacheable-lookup",
        "cacheable-request",
        "decompress-response",
        "form-data-encoder",
        "get-stream@6.0.1",
        "http2-wrapper",
        "lowercase-keys",
        "p-cancelable",
        "responselike"
      ]
    },
    "graceful-fs@4.2.11": {
      "integrity": "sha512-RbJ5/jmFcNNCcDV5o9eTnBLJ/HszWV0P73bc+Ff4nS/rJj+YaS6IGyiOL0VoBYX+l1Wrl3k63h/KrH+nhJ0XvQ=="
    },
    "http-cache-semantics@4.1.1": {
      "integrity": "sha512-er295DKPVsV82j5kw1Gjt+ADA/XYHsajl82cGNQG2eyoPkvgUhX+nDIyelzhIWbbsXP39EHcI6l5tYs2FYqYXQ=="
    },
    "http2-wrapper@2.2.1": {
      "integrity": "sha512-V5nVw1PAOgfI3Lmeaj2Exmeg7fenjhRUgz1lPSezy1CuhPYbgQtbQj4jZfEAEMlaL+vupsvhjqCyjzob0yxsmQ==",
      "dependencies": [
        "quick-lru",
        "resolve-alpn"
      ]
    },
    "human-signals@2.1.0": {
      "integrity": "sha512-B4FFZ6q/T2jhhksgkbEW3HBvWIfDW85snkQgawt07S7J5QXTk6BkNV+0yAeZrM5QpMAdYlocGoljn0sJ/WQkFw=="
    },
    "ieee754@1.2.1": {
      "integrity": "sha512-dcyqhDvX1C46lXZcVqCpK+FtMRQVdIMN6/Df5js2zouUsqG7I6sFxitIC+7KYK29KdXOLHdu9zL4sFnoVQnqaA=="
    },
    "inspect-with-kind@1.0.5": {
      "integrity": "sha512-MAQUJuIo7Xqk8EVNP+6d3CKq9c80hi4tjIbIAT6lmGW9W6WzlHiu9PS8uSuUYU+Do+j1baiFp3H25XEVxDIG2g==",
      "dependencies": [
        "kind-of"
      ]
    },
    "is-extglob@2.1.1": {
      "integrity": "sha512-SbKbANkN603Vi4jEZv49LeVJMn4yGwsbzZworEoyEiutsN3nJYdbO36zfhGJ6QEDpOZIFkDtnq5JRxmvl3jsoQ=="
    },
    "is-glob@4.0.3": {
      "integrity": "sha512-xelSayHH36ZgE7ZWhli7pW34hNbNl8Ojv5KVmkJD4hBdD3th8Tfk9vYasLM+mXWOZhFkgZfxhLSnrwRr4elSSg==",
      "dependencies": [
        "is-extglob"
      ]
    },
    "is-number@7.0.0": {
      "integrity": "sha512-41Cifkg6e8TylSpdtTpeLVMqvSBEVzTttHvERD741+pnZ8ANv0004MRL43QKPDlK9cGvNp6NZWZUBlbGXYxxng=="
    },
    "is-plain-obj@1.1.0": {
      "integrity": "sha512-yvkRyxmFKEOQ4pNXCmJG5AEQNlXJS5LaONXo5/cLdTZdWvsZ1ioJEonLGAosKlMWE8lwUy/bJzMjcw8az73+Fg=="
    },
    "is-stream@2.0.1": {
      "integrity": "sha512-hFoiJiTl63nn+kstHGBtewWSKnQLpyb155KHheA1l39uvtO9nWIop1p3udqPcUd/xbF1VLMO4n7OI6p7RbngDg=="
    },
    "is-stream@4.0.1": {
      "integrity": "sha512-Dnz92NInDqYckGEUJv689RbRiTSEHCQ7wOVeALbkOz999YpqT46yMRIGtSNl2iCL1waAZSx40+h59NV/EwzV/A=="
    },
    "isexe@2.0.0": {
      "integrity": "sha512-RHxMLp9lnKHGHRng9QFhRCMbYAcVpn69smSGcq3f36xjgVVWThj4qqLbTLlq7Ssj8B+fIQ1EuCEGI2lKsyQeIw=="
    },
    "json-buffer@3.0.1": {
      "integrity": "sha512-4bV5BfR2mqfQTJm+V5tPPdf+ZpuhiIvTuAB5g8kcrXOZpTT/QwwVRWBywX1ozr6lEuPdbHxwaJlm9G6mI2sfSQ=="
    },
    "keyv@4.5.4": {
      "integrity": "sha512-oxVHkHR/EJf2CNXnWxRLW6mg7JyCCUcG0DtEGmL2ctUo1PNTin1PUil+r/+4r5MpVgC/fn1kjsx7mjSujKqIpw==",
      "dependencies": [
        "json-buffer"
      ]
    },
    "kind-of@6.0.3": {
      "integrity": "sha512-dcS1ul+9tmeD95T+x28/ehLgd9mENa3LsvDTtzm3vyBEO7RPptvAD+t44WVXaUjTBRcrpFeFlC8WCruUR456hw=="
    },
    "lowercase-keys@3.0.0": {
      "integrity": "sha512-ozCC6gdQ+glXOQsveKD0YsDy8DSQFjDTz4zyzEHNV5+JP5D62LmfDZ6o1cycFx9ouG940M5dE8C8CTewdj2YWQ=="
    },
    "make-dir@4.0.0": {
      "integrity": "sha512-hXdUTZYIVOt1Ex//jAQi+wTZZpUpwBj/0QsOzqegb3rGMMeJiSEu5xLHnYfBrRV4RH2+OCSOO95Is/7x1WJ4bw==",
      "dependencies": [
        "semver"
      ]
    },
    "merge-stream@2.0.0": {
      "integrity": "sha512-abv/qOcuPfk3URPfDzmZU1LKmuw8kT+0nIHvKrKgFrwifol/doWcdA4ZqsWQ8ENrFKkd67Mfpo/LovbIUsbt3w=="
    },
    "merge2@1.4.1": {
      "integrity": "sha512-8q7VEgMJW4J8tcfVPy8g09NcQwZdbwFEqhe/WZkoIzjn/3TGDwtOCYtXGxA3O8tPzpczCCDgv+P2P5y00ZJOOg=="
    },
    "micromatch@4.0.8": {
      "integrity": "sha512-PXwfBhYu0hBCPw8Dn0E+WDYb7af3dSLVWKi3HGv84IdF4TyFoC0ysxFd0Goxw7nSv4T/PzEJQxsYsEiFCKo2BA==",
      "dependencies": [
        "braces",
        "picomatch"
      ]
    },
    "mime-db@1.53.0": {
      "integrity": "sha512-oHlN/w+3MQ3rba9rqFr6V/ypF10LSkdwUysQL7GkXoTgIWeV+tcXGA852TBxH+gsh8UWoyhR1hKcoMJTuWflpg=="
    },
    "mimic-fn@2.1.0": {
      "integrity": "sha512-OqbOk5oEQeAZ8WXWydlu9HJjz9WVdEIvamMCcXmuqUYjTknH/sqsWvhQ3vgwKFRR1HpjvNBKQ37nbJgYzGqGcg=="
    },
    "mimic-response@3.1.0": {
      "integrity": "sha512-z0yWI+4FDrrweS8Zmt4Ej5HdJmky15+L2e6Wgn3+iK5fWzb6T3fhNFq2+MeTRb064c6Wr4N/wv0DzQTjNzHNGQ=="
    },
    "mimic-response@4.0.0": {
      "integrity": "sha512-e5ISH9xMYU0DzrT+jl8q2ze9D6eWBto+I8CNpe+VI+K2J/F/k3PdkdTdz4wvGVH4NTpo+NRYTVIuMQEMMcsLqg=="
    },
    "minimatch@9.0.5": {
      "integrity": "sha512-G6T0ZX48xgozx7587koeX9Ys2NYy6Gmv//P89sEte9V9whIapMNF4idKxnW2QtCcLiTWlb/wfCabAtAFWhhBow==",
      "dependencies": [
        "brace-expansion"
      ]
    },
    "normalize-url@8.0.1": {
      "integrity": "sha512-IO9QvjUMWxPQQhs60oOu10CRkWCiZzSUkzbXGGV9pviYl1fXYcvkzQ5jV9z8Y6un8ARoVRl4EtC6v6jNqbaJ/w=="
    },
    "npm-run-path@4.0.1": {
      "integrity": "sha512-S48WzZW777zhNIrn7gxOlISNAqi9ZC/uQFnRdbeIHhZhCA6UqpkOT8T1G7BvfdgP4Er8gF4sUbaS0i7QvIfCWw==",
      "dependencies": [
        "path-key"
      ]
    },
    "onetime@5.1.2": {
      "integrity": "sha512-kbpaSSGJTWdAY5KPVeMOKXSrPtr8C8C7wodJbcsd51jRnmD+GZu8Y0VoU6Dm5Z4vWr0Ig/1NKuWRKf7j5aaYSg==",
      "dependencies": [
        "mimic-fn"
      ]
    },
    "p-cancelable@3.0.0": {
      "integrity": "sha512-mlVgR3PGuzlo0MmTdk4cXqXWlwQDLnONTAg6sm62XkMJEiRxN3GL3SffkYvqwonbkJBcrI7Uvv5Zh9yjvn2iUw=="
    },
    "path-key@3.1.1": {
      "integrity": "sha512-ojmeN0qd+y0jszEtoY48r0Peq5dwMEkIlCOu6Q5f41lfkswXuKtYrhgoTpLnyIcHm24Uhqx+5Tqm2InSwLhE6Q=="
    },
    "peek-readable@5.4.2": {
      "integrity": "sha512-peBp3qZyuS6cNIJ2akRNG1uo1WJ1d0wTxg/fxMdZ0BqCVhx242bSFHM9eNqflfJVS9SsgkzgT/1UgnsurBOTMg=="
    },
    "pend@1.2.0": {
      "integrity": "sha512-F3asv42UuXchdzt+xXqfW1OGlVBe+mxa2mqI0pg5yAHZPvFmY3Y6drSf/GQ1A86WgWEN9Kzh/WrgKa6iGcHXLg=="
    },
    "picomatch@2.3.1": {
      "integrity": "sha512-JU3teHTNjmE2VCGFzuY8EXzCDVwEqB2a8fsIvwaStHhAWJEeVd1o1QD80CU6+ZdEXXSLbSsuLwJjkCBWqRQUVA=="
    },
    "piscina@4.8.0": {
      "integrity": "sha512-EZJb+ZxDrQf3dihsUL7p42pjNyrNIFJCrRHPMgxu/svsj+P3xS3fuEWp7k2+rfsavfl1N0G29b1HGs7J0m8rZA==",
      "dependencies": [
        "@napi-rs/nice"
      ]
    },
    "queue-microtask@1.2.3": {
      "integrity": "sha512-NuaNSa6flKT5JaSYQzJok04JzTL1CA6aGhv5rfLW3PgqA+M2ChpZQnAC8h8i4ZFkBS8X5RqkDBHA7r4hej3K9A=="
    },
    "quick-lru@5.1.1": {
      "integrity": "sha512-WuyALRjWPDGtt/wzJiadO5AXY+8hZ80hVpe6MyivgraREW751X3SbhRvG3eLKOYN+8VEvqLcf3wdnt44Z4S4SA=="
    },
    "resolve-alpn@1.2.1": {
      "integrity": "sha512-0a1F4l73/ZFZOakJnQ3FvkJ2+gSTQWz/r2KE5OdDY0TxPm5h4GkqkWWfM47T7HsbnOtcJVEF4epCVy6u7Q3K+g=="
    },
    "responselike@3.0.0": {
      "integrity": "sha512-40yHxbNcl2+rzXvZuVkrYohathsSJlMTXKryG5y8uciHv1+xDLHQpgjG64JUO9nrEq2jGLH6IZ8BcZyw3wrweg==",
      "dependencies": [
        "lowercase-keys"
      ]
    },
    "reusify@1.0.4": {
      "integrity": "sha512-U9nH88a3fc/ekCF1l0/UP1IosiuIjyTh7hBvXVMHYgVcfGvt897Xguj2UOLDeI5BG2m7/uwyaLVT6fbtCwTyzw=="
    },
    "run-parallel@1.2.0": {
      "integrity": "sha512-5l4VyZR86LZ/lDxZTR6jqL8AFE2S0IFLMP26AbjsLVADxHdhB/c0GUsH+y39UfCi3dzz8OlQuPmnaJOMoDHQBA==",
      "dependencies": [
        "queue-microtask"
      ]
    },
    "safe-buffer@5.2.1": {
      "integrity": "sha512-rp3So07KcdmmKbGvgaNxQSJr7bGVSVk5S9Eq1F+ppbRo70+YeaDxkw5Dd8NPN+GD6bjnYm2VuPuCXmpuYvmCXQ=="
    },
    "seek-bzip@2.0.0": {
      "integrity": "sha512-SMguiTnYrhpLdk3PwfzHeotrcwi8bNV4iemL9tx9poR/yeaMYwB9VzR1w7b57DuWpuqR8n6oZboi0hj3AxZxQg==",
      "dependencies": [
        "commander@6.2.1"
      ]
    },
    "semver-regex@4.0.5": {
      "integrity": "sha512-hunMQrEy1T6Jr2uEVjrAIqjwWcQTgOAcIM52C8MY1EZSD3DDNft04XzvYKPqjED65bNVVko0YI38nYeEHCX3yw=="
    },
    "semver-truncate@3.0.0": {
      "integrity": "sha512-LJWA9kSvMolR51oDE6PN3kALBNaUdkxzAGcexw8gjMA8xr5zUqK0JiR3CgARSqanYF3Z1YHvsErb1KDgh+v7Rg==",
      "dependencies": [
        "semver"
      ]
    },
    "semver@7.7.1": {
      "integrity": "sha512-hlq8tAfn0m/61p4BVRcPzIGr6LKiMwo4VM6dGi6pt4qcRkmNzTcWq6eCEjEh+qXjkMDvPlOFFSGwQjoEa6gyMA=="
    },
    "shebang-command@2.0.0": {
      "integrity": "sha512-kHxr2zZpYtdmrN1qDjrrX/Z1rR1kG8Dx+gkpK1G4eXmvXswmcE1hTWBWYUzlraYw1/yZp6YuDY77YtvbN0dmDA==",
      "dependencies": [
        "shebang-regex"
      ]
    },
    "shebang-regex@3.0.0": {
      "integrity": "sha512-7++dFhtcx3353uBaq8DDR4NuxBetBzC7ZQOhmTQInHEd6bSrXdiEyzCvG07Z44UYdLShWUyXt5M/yhz8ekcb1A=="
    },
    "signal-exit@3.0.7": {
      "integrity": "sha512-wnD2ZE+l+SPC/uoS0vXeE9L1+0wuaMqKlfz9AMUo38JsyLSBWSFcHR1Rri62LZc12vLr1gb3jl7iwQhgwpAbGQ=="
    },
    "slash@3.0.0": {
      "integrity": "sha512-g9Q1haeby36OSStwb4ntCGGGaKsaVSjQ68fBxoQcutl5fS1vuY18H3wSt3jFyFtrkx+Kz0V1G85A4MyAdDMi2Q=="
    },
    "sort-keys-length@1.0.1": {
      "integrity": "sha512-GRbEOUqCxemTAk/b32F2xa8wDTs+Z1QHOkbhJDQTvv/6G3ZkbJ+frYWsTcc7cBB3Fu4wy4XlLCuNtJuMn7Gsvw==",
      "dependencies": [
        "sort-keys"
      ]
    },
    "sort-keys@1.1.2": {
      "integrity": "sha512-vzn8aSqKgytVik0iwdBEi+zevbTYZogewTUM6dtpmGwEcdzbub/TX4bCzRhebDCRC3QzXgJsLRKB2V/Oof7HXg==",
      "dependencies": [
        "is-plain-obj"
      ]
    },
    "source-map@0.7.4": {
      "integrity": "sha512-l3BikUxvPOcn5E74dZiq5BGsTb5yEwhaTSzccU6t4sDOH8NWJCstKO5QT2CvtFoK6F0saL7p9xHAqHOlCPJygA=="
    },
    "streamx@2.22.0": {
      "integrity": "sha512-sLh1evHOzBy/iWRiR6d1zRcLao4gGZr3C1kzNz4fopCOKJb6xD9ub8Mpi9Mr1R6id5o43S+d93fI48UC5uM9aw==",
      "dependencies": [
        "bare-events",
        "fast-fifo",
        "text-decoder"
      ]
    },
    "strip-dirs@3.0.0": {
      "integrity": "sha512-I0sdgcFTfKQlUPZyAqPJmSG3HLO9rWDFnxonnIbskYNM3DwFOeTNB5KzVq3dA1GdRAc/25b5Y7UO2TQfKWw4aQ==",
      "dependencies": [
        "inspect-with-kind",
        "is-plain-obj"
      ]
    },
    "strip-final-newline@2.0.0": {
      "integrity": "sha512-BrpvfNAE3dcvq7ll3xVumzjKjZQ5tI1sEUIKr3Uoks0XUl45St3FlatVqef9prk4jRDzhW6WZg+3bk93y6pLjA=="
    },
    "strtok3@9.1.1": {
      "integrity": "sha512-FhwotcEqjr241ZbjFzjlIYg6c5/L/s4yBGWSMvJ9UoExiSqL+FnFA/CaeZx17WGaZMS/4SOZp8wH18jSS4R4lw==",
      "dependencies": [
        "@tokenizer/token",
        "peek-readable"
      ]
    },
    "tar-stream@3.1.7": {
      "integrity": "sha512-qJj60CXt7IU1Ffyc3NJMjh6EkuCFej46zUqJ4J7pqYlThyd9bO0XBTmcOIhSzZJVWfsLks0+nle/j538YAW9RQ==",
      "dependencies": [
        "b4a",
        "fast-fifo",
        "streamx"
      ]
    },
    "text-decoder@1.2.3": {
      "integrity": "sha512-3/o9z3X0X0fTupwsYvR03pJ/DjWuqqrfwBgTQzdWDiQSm9KitAyz/9WqsT2JQW7KV2m+bC2ol/zqpW37NHxLaA==",
      "dependencies": [
        "b4a"
      ]
    },
    "through@2.3.8": {
      "integrity": "sha512-w89qg7PI8wAdvX60bMDP+bFoD5Dvhm9oLheFp5O4a2QF0cSBGsBX4qZmadPMvVqlLJBBci+WqGGOAPvcDeNSVg=="
    },
    "to-regex-range@5.0.1": {
      "integrity": "sha512-65P7iz6X5yEr1cwcgvQxbbIw7Uk3gOy5dIdtZ4rDveLqhrdJP+Li/Hx6tyK0NEb+2GCyneCMJiGqrADCSNk8sQ==",
      "dependencies": [
        "is-number"
      ]
    },
    "token-types@6.0.0": {
      "integrity": "sha512-lbDrTLVsHhOMljPscd0yitpozq7Ga2M5Cvez5AjGg8GASBjtt6iERCAJ93yommPmz62fb45oFIXHEZ3u9bfJEA==",
      "dependencies": [
        "@tokenizer/token",
        "ieee754"
      ]
    },
    "uint8array-extras@1.4.0": {
      "integrity": "sha512-ZPtzy0hu4cZjv3z5NW9gfKnNLjoz4y6uv4HlelAjDK7sY/xOkKZv9xK/WQpcsBB3jEybChz9DPC2U/+cusjJVQ=="
    },
    "unbzip2-stream@1.4.3": {
      "integrity": "sha512-mlExGW4w71ebDJviH16lQLtZS32VKqsSfk80GCfUlwT/4/hNRFsoscrF/c++9xinkMzECL1uL9DDwXqFWkruPg==",
      "dependencies": [
        "buffer",
        "through"
      ]
    },
    "which@2.0.2": {
      "integrity": "sha512-BLI3Tl1TW3Pvl70l3yq3Y64i+awpwXqsGBYWkkqMtnbXgrMD+yj7rhW0kuEDxzJaYXGjEW5ogapKNMEKNMjibA==",
      "dependencies": [
        "isexe"
      ]
    },
    "yauzl@3.2.0": {
      "integrity": "sha512-Ow9nuGZE+qp1u4JIPvg+uCiUr7xGQWdff7JQSk5VGYTAZMDe2q8lxJ10ygv10qmSj031Ty/6FNJpLO4o1Sgc+w==",
      "dependencies": [
        "buffer-crc32",
        "pend"
      ]
    }
  },
  "workspace": {
    "dependencies": [
      "npm:@swc/cli@*"
    ]
  }
}
